{
  "name": "zenn",
  "version": "1.0.0",
  "lockfileVersion": 3,
  "requires": true,
  "packages": {
    "": {
      "name": "zenn",
      "version": "1.0.0",
      "dependencies": {
        "zenn-cli": "^0.1.153"
      }
    },
    "node_modules/zenn-cli": {
      "version": "0.1.153",
      "resolved": "https://registry.npmjs.org/zenn-cli/-/zenn-cli-0.1.153.tgz",
      "integrity": "sha512-MLIdtRW2arQBuVCKlWrMF4eFZGkvmswrcc0OvgxmQs9w9/9rODfoyFK9nQQwrgyUwlxDzhUa/oAO6nks4GY5DA==",
      "bin": {
        "zenn": "dist/server/zenn.js"
      },
      "engines": {
        "node": ">=14.0.0"
      }
    }
  }
}
