{
  "name": "zenn",
  "version": "1.0.0",
  "lockfileVersion": 3,
  "requires": true,
  "packages": {
    "": {
      "name": "zenn",
      "version": "1.0.0",
      "dependencies": {
        "zenn-cli": "^0.2.3"
      }
    },
    "node_modules/zenn-cli": {
      "version": "0.2.3",
      "resolved": "https://registry.npmjs.org/zenn-cli/-/zenn-cli-0.2.3.tgz",
      "integrity": "sha512-ghYpg2foOeFExvtWKDFSjCsq+utYf84jApw37Wli1MnSAE1la40GZ47kXQDQKeh/1LV2AT0LDMYWbmE64Z4ZSg==",
      "license": "MIT",
      "bin": {
        "zenn": "dist/server/zenn.js"
      },
      "engines": {
        "node": ">=14.0.0"
      }
    }
  }
}
