{
  "name": "zenn",
  "version": "1.0.0",
  "lockfileVersion": 3,
  "requires": true,
  "packages": {
    "": {
      "name": "zenn",
      "version": "1.0.0",
      "dependencies": {
        "zenn-cli": "^0.1.144"
      }
    },
    "node_modules/zenn-cli": {
      "version": "0.1.144",
      "resolved": "https://registry.npmjs.org/zenn-cli/-/zenn-cli-0.1.144.tgz",
      "integrity": "sha512-vReeYJg2ySjIUKSm5shKdi8rLmMO31Mtk7/xcTJVMSY0sLWJemTgtV8Mcpe1lIvTLKwg5SjfAa3iWjX0HIy3EA==",
      "bin": {
        "zenn": "dist/server/zenn.js"
      },
      "engines": {
        "node": ">=14.0.0"
      }
    }
  }
}
